{
    "_meta": {
        "hash": {
            "sha256": "55743294e40f2439e181fe615f1848e031b45b639d0dbf32735f7e504293fe14"
        },
        "pipfile-spec": 6,
        "requires": {
            "python_version": "3.6"
        },
        "sources": [
            {
                "url": "https://pypi.python.org/simple",
                "verify_ssl": true
            }
        ]
    },
    "default": {
        "botornot": {
            "hashes": [
                "sha256:2d0353eed18d49b90e67133c33c0ea679badbc1ad1cd093b6c8a503bdcb3970f"
            ],
            "version": "==0.3"
        },
        "certifi": {
            "hashes": [
                "sha256:e4f3620cfea4f83eedc95b24abd9cd56f3c4b146dd0177e83a21b4eb49e21e50",
                "sha256:fd7c7c74727ddcf00e9acd26bba8da604ffec95bf1c2144e67aff7a8b50e6cef"
            ],
            "version": "==2019.9.11"
        },
        "chardet": {
            "hashes": [
                "sha256:84ab92ed1c4d4f16916e05906b6b75a6c0fb5db821cc65e70cbd64a3e2a5eaae",
                "sha256:fc323ffcaeaed0e0a02bf4d117757b98aed530d9ed4531e3e15460124c106691"
            ],
            "version": "==3.0.4"
        },
        "click": {
            "hashes": [
                "sha256:2335065e6395b9e67ca716de5f7526736bfa6ceead690adf616d925bdc622b13",
                "sha256:5b94b49521f6456670fdb30cd82a4eca9412788a93fa6dd6df72c94d5a8ff2d7"
            ],
            "version": "==7.0"
        },
        "flask": {
            "hashes": [
                "sha256:7fab1062d11dd0038434e790d18c5b9133fd9e6b7257d707c4578ccc1e38b67c",
                "sha256:b1883637bbee4dc7bc98d900792d0a304d609fce0f5bd9ca91d1b6457e5918dd"
            ],
            "version": "==1.0"
        },
        "flask-cors": {
            "hashes": [
                "sha256:62ebc5ad80dc21ca0ea9f57466c2c74e24a62274af890b391790c260eb7b754b",
                "sha256:ac4b81b3d90f5f18714c995c807f94501df8c9bbc22ef4261c1cd850748c3850"
            ],
            "version": "==3.0.3"
        },
        "gunicorn": {
            "hashes": [
                "sha256:75af03c99389535f218cc596c7de74df4763803f7b63eb09d77e92b3956b36c6",
                "sha256:eee1169f0ca667be05db3351a0960765620dad53f53434262ff8901b68a1b622"
            ],
            "version": "==19.7.1"
        },
        "idna": {
            "hashes": [
                "sha256:2c6a5de3089009e3da7c5dde64a141dbc8551d5b7f6cf4ed7c2568d0cc520a8f",
                "sha256:8c7309c718f94b3a625cb648ace320157ad16ff131ae0af362c9f21b80ef6ec4"
            ],
            "version": "==2.6"
        },
        "itsdangerous": {
            "hashes": [
                "sha256:321b033d07f2a4136d3ec762eac9f16a10ccd60f53c0c91af90217ace7ba1f19",
                "sha256:b12271b2047cb23eeb98c8b5622e2e5c5e9abd9784a153e9d8ef9cb4dd09d749"
            ],
            "version": "==1.1.0"
        },
        "jinja2": {
            "hashes": [
                "sha256:74320bb91f31270f9551d46522e33af46a80c3d619f4a4bf42b3164d30b5911f",
                "sha256:9fe95f19286cfefaa917656583d020be14e7859c6b0252588391e47db34527de"
            ],
            "version": "==2.10.3"
        },
        "markupsafe": {
            "hashes": [
                "sha256:00bc623926325b26bb9605ae9eae8a215691f33cae5df11ca5424f06f2d1f473",
                "sha256:09027a7803a62ca78792ad89403b1b7a73a01c8cb65909cd876f7fcebd79b161",
                "sha256:09c4b7f37d6c648cb13f9230d847adf22f8171b1ccc4d5682398e77f40309235",
                "sha256:1027c282dad077d0bae18be6794e6b6b8c91d58ed8a8d89a89d59693b9131db5",
                "sha256:24982cc2533820871eba85ba648cd53d8623687ff11cbb805be4ff7b4c971aff",
                "sha256:29872e92839765e546828bb7754a68c418d927cd064fd4708fab9fe9c8bb116b",
                "sha256:43a55c2930bbc139570ac2452adf3d70cdbb3cfe5912c71cdce1c2c6bbd9c5d1",
                "sha256:46c99d2de99945ec5cb54f23c8cd5689f6d7177305ebff350a58ce5f8de1669e",
                "sha256:500d4957e52ddc3351cabf489e79c91c17f6e0899158447047588650b5e69183",
                "sha256:535f6fc4d397c1563d08b88e485c3496cf5784e927af890fb3c3aac7f933ec66",
                "sha256:62fe6c95e3ec8a7fad637b7f3d372c15ec1caa01ab47926cfdf7a75b40e0eac1",
                "sha256:6dd73240d2af64df90aa7c4e7481e23825ea70af4b4922f8ede5b9e35f78a3b1",
                "sha256:717ba8fe3ae9cc0006d7c451f0bb265ee07739daf76355d06366154ee68d221e",
                "sha256:79855e1c5b8da654cf486b830bd42c06e8780cea587384cf6545b7d9ac013a0b",
                "sha256:7c1699dfe0cf8ff607dbdcc1e9b9af1755371f92a68f706051cc8c37d447c905",
                "sha256:88e5fcfb52ee7b911e8bb6d6aa2fd21fbecc674eadd44118a9cc3863f938e735",
                "sha256:8defac2f2ccd6805ebf65f5eeb132adcf2ab57aa11fdf4c0dd5169a004710e7d",
                "sha256:98c7086708b163d425c67c7a91bad6e466bb99d797aa64f965e9d25c12111a5e",
                "sha256:9add70b36c5666a2ed02b43b335fe19002ee5235efd4b8a89bfcf9005bebac0d",
                "sha256:9bf40443012702a1d2070043cb6291650a0841ece432556f784f004937f0f32c",
                "sha256:ade5e387d2ad0d7ebf59146cc00c8044acbd863725f887353a10df825fc8ae21",
                "sha256:b00c1de48212e4cc9603895652c5c410df699856a2853135b3967591e4beebc2",
                "sha256:b1282f8c00509d99fef04d8ba936b156d419be841854fe901d8ae224c59f0be5",
                "sha256:b2051432115498d3562c084a49bba65d97cf251f5a331c64a12ee7e04dacc51b",
                "sha256:ba59edeaa2fc6114428f1637ffff42da1e311e29382d81b339c1817d37ec93c6",
                "sha256:c8716a48d94b06bb3b2524c2b77e055fb313aeb4ea620c8dd03a105574ba704f",
                "sha256:cd5df75523866410809ca100dc9681e301e3c27567cf498077e8551b6d20e42f",
                "sha256:e249096428b3ae81b08327a63a485ad0878de3fb939049038579ac0ef61e17e7"
            ],
            "version": "==1.1.1"
        },
        "oauthlib": {
            "hashes": [
                "sha256:b3b9b47f2a263fe249b5b48c4e25a5bce882ff20a0ac34d553ce43cff55b53ac"
            ],
            "version": "==2.0.2"
        },
        "python-arango": {
            "hashes": [
                "sha256:4eb6be0efe2e91dba69216261cd391b3a294b636706a9fc1280165bbb34eac77"
            ],
            "version": "==3.6.0"
        },
        "python-dotenv": {
            "hashes": [
                "sha256:45e927c34204c90f5faa35ea8709b894f6b1a7712d77eb50940601068040993b",
                "sha256:dc7940052cfe170e881aea40feb4ea7776e6a97170ed038fd2ee7e26e47585f2"
            ],
            "version": "==0.7.1"
        },
        "requests": {
            "hashes": [
                "sha256:6a1b267aa90cac58ac3a765d067950e7dbbf75b1da07e895d1f594193a40a38b",
                "sha256:9c443e7324ba5b85070c4a818ade28bfabedf16ea10206da1132edaa6dda237e"
            ],
            "version": "==2.18.4"
        },
        "requests-oauthlib": {
            "hashes": [
                "sha256:50a8ae2ce8273e384895972b56193c7409601a66d4975774c60c2aed869639ca",
                "sha256:883ac416757eada6d3d07054ec7092ac21c7f35cb1d2cf82faf205637081f468"
            ],
            "version": "==0.8.0"
        },
        "six": {
            "hashes": [
                "sha256:70e8a77beed4562e7f14fe23a786b54f6296e34344c23bc42f07b15018ff98e9",
                "sha256:832dc0e10feb1aa2c68dcc57dbb658f1c7e65b9b61af69048abc87a2db00a0eb"
            ],
            "version": "==1.11.0"
        },
        "tweepy": {
            "hashes": [
                "sha256:12449b5ca16b0be6a3ea68fb41992627227b48bbad8cd7d5912039340d36badc",
                "sha256:f00ccf5f48c30d559ce0b750dfe3b2df6668dc799d8ce276fd90bfaa68845a58"
            ],
            "version": "==3.5.0"
        },
        "urllib3": {
            "hashes": [
                "sha256:06330f386d6e4b195fbfc736b297f58c5a892e4440e54d294d7004e3a9bbea1b",
                "sha256:cc44da8e1145637334317feebd728bd869a35285b93cbb4cca2577da7e62db4f"
            ],
            "version": "==1.22"
        },
        "werkzeug": {
            "hashes": [
                "sha256:7280924747b5733b246fe23972186c6b348f9ae29724135a6dfc1e53cea433e7",
                "sha256:e5f4a1f98b52b18a93da705a7458e55afb26f32bff83ff5d19189f92462d65c4"
            ],
            "version": "==0.16.0"
        }
    },
    "develop": {
        "click": {
            "hashes": [
                "sha256:2335065e6395b9e67ca716de5f7526736bfa6ceead690adf616d925bdc622b13",
                "sha256:5b94b49521f6456670fdb30cd82a4eca9412788a93fa6dd6df72c94d5a8ff2d7"
            ],
            "version": "==7.0"
        },
        "cycler": {
            "hashes": [
                "sha256:1d8a5ae1ff6c5cf9b93e8811e581232ad8920aeec647c37316ceac982b08cb2d",
                "sha256:cd7b2d1018258d7247a71425e9f26463dfb444d411c39569972f4ce586b0c9d8"
            ],
            "version": "==0.10.0"
        },
        "matplotlib": {
            "hashes": [
                "sha256:025f49079f840dc887e593d86aa0cc02671bd9363919f209c1145fc12743df94",
                "sha256:0ffbc44faa34a8b1704bc108c451ecf87988f900ef7ce757b8e2e84383121ff1",
                "sha256:1da49090f6286f54cdbccc423bed35417f621172d9aecbfc9608b87b99a73a11",
                "sha256:2a251c6c87cceb4677e3c35a8e1c73973d05025d8ed6322861102e1a336db5f8",
                "sha256:30a3d8700dcad90eb43dcbde5107ccc5ec67241f34de377de11dbef371e4a683",
                "sha256:481da65b536183497952d0f620defea88206edb8387839a2802951956492cb1d",
                "sha256:64410b788c81e1f50ad7066d245e0a3421fbc278d2e26c34e2e4681f2a023b64",
                "sha256:647c02a9f333cb7055f42527cf2bd85fb3615fd8de0cce4648d327efaffe5458",
                "sha256:64dcf5e99d6c0b100903d4c8a339dbac6e0822870ef420fc09f656deb1dd73c6",
                "sha256:7671819e29e43635f4e1fddc06dd86cd9d5a2fdeb67312538791e222e7ae3af7",
                "sha256:8168cc902aaa965f033c099238b80f5a8853664324c5837b10fee688c12ec3b6",
                "sha256:8814f728b1f037ebc20e7216f0c498bdd17daefa1a44d99f2466a4c21d0ff541",
                "sha256:8e009ec991f39dc1c0f6f891bfb68e794a08ac98b5c343274099da2865e2f932",
                "sha256:afd8cb8194ee5500d7b5b9be034d9c13b0a3db0288d8988abaaa94b4ec7bbca5",
                "sha256:c23aca1fb3546b4b60a8ff16c1318874da05bf0dc47accd9cd818a99ad7b35d2",
                "sha256:c7bae47ab1c15da0265f8aa2d183457afd05c78fbb77e960a346bc87b3fdb57c",
                "sha256:d0da5ceba1a77130603b7b8cc3e5b8c58b7e733d3948fcec1fcf4aa812b024cc",
                "sha256:ec9f09fd35624b735271997527e2c2fd7f905d1612ce5dabdda4836a15ab7411"
            ],
            "version": "==2.0.2"
        },
        "nltk": {
            "hashes": [
                "sha256:8682ae52f5de4f2ba7b77bd78222a38575ad01ef29946214b254dfdf93a3a0eb"
            ],
            "version": "==3.2.4"
        },
        "numpy": {
            "hashes": [
                "sha256:0c9c2da161951a041fc01ec1849555532122d6fd5b41144af81ae322e88bf0ef",
                "sha256:27b12b7412c6a1a6bdfd2142aa4c31ca54f0981d36fba787e4a92d4ff22d23a7",
                "sha256:2dc292415b18f08efe615c26b1567dd986006c47dd6b23c870db483db8e95015",
                "sha256:2f1ba22250725b1c719591a07d2146509aae5c620c43ecb9669a45487f7b9c89",
                "sha256:36d932daf153d41789a189e0c266877cd4f2b719a9f9b672e8c3586d01cf0643",
                "sha256:3ccd4f3176a6ca26fdfe31f4648af47a5ce0f681adc8321fe91e621dd26b7aae",
                "sha256:4e9756c9882836690c6cfad0ae3fae51050d78a5766d3e9ecc7a8385425fb92a",
                "sha256:560ca5248c2a8fd96ac75a05811eca0ce08dfeea2ee128c87c9c7261af366288",
                "sha256:5a9e42acf951c84d0fd349d677262d67b913fb399025e5885b7ade20b9a2ace9",
                "sha256:70c30db61dbc10dd5bcb63e830aa8c2ce993eb6821054abce372f04cd36f9bb5",
                "sha256:78ef0f0e2e1701a54555ecb7d2916375dcac462b6511d5cdb2de8a2f2296f501",
                "sha256:a61fd38d1ec67a5e3f0121522b3dddef4ba1407d175135447397cb8baec17860",
                "sha256:ad699f255fba63814f7d55f67c4bf315fb5496f5ba6e0799ed11b00e78bf464f",
                "sha256:ce7b3c0644c9157874d1323906c497c92296ae956e5cef0e4107e1ff55939386",
                "sha256:da0be0d25e845d65f540c92daa17b1bad06c3ed98a54840e6b980cb5d683647f",
                "sha256:dc703270f1caabbe361052ef678d5a5f18f91dfe36b1c5572d0b60dba4835eb5",
                "sha256:dcff367b725586830ff0e20b805c7654c876c2d4585c0834a6049502b9d6cf7e",
                "sha256:e0eb78fd246a965c7c232df88485c887916ec72a3c589ccbaa3f22dc8471b154",
                "sha256:e17a9ec296353b01596b5e669265418343b8d0f2dd82f541d0cf9a3fc7eaccc8",
                "sha256:e5dd9d9808ffcc053ea2c2f54fcd75c460843439daba65a699d6a2c9b8adcf27",
                "sha256:e8edf465be222e324608fd5dd58d60b050c7fd602c9b7710a11631ee7280f59f",
                "sha256:ed9212e489ac7f76506969581f1abb53fc30ac45bb28254759b634f4f51f0217",
                "sha256:ee2bb63226aa933cddda2470e56de858669bdbb612b5bd7b2489408516bb3f24"
            ],
            "version": "==1.13.0"
        },
        "pillow": {
            "hashes": [
                "sha256:00fdeb23820f30e43bba78eb9abb00b7a937a655de7760b2e09101d63708b64e",
                "sha256:01f948e8220c85eae1aa1a7f8edddcec193918f933fb07aaebe0bfbbcffefbf1",
                "sha256:08abf39948d4b5017a137be58f1a52b7101700431f0777bec3d897c3949f74e6",
                "sha256:099a61618b145ecb50c6f279666bbc398e189b8bc97544ae32b8fcb49ad6b830",
                "sha256:2c1c61546e73de62747e65807d2cc4980c395d4c5600ecb1f47a650c6fa78c79",
                "sha256:2ed9c4f694861642401f27dc3cb99772be67cd190e84845c749dae0a06c3bfae",
                "sha256:338581b30b908e111be578f0297255f6b57a51358cd16fa0e6f664c9a1f88bff",
                "sha256:38c7d48a21cd06fdeee93987147b9b1c55b73b4cfcbf83240568bfbd5adee447",
                "sha256:43fd026f613c8e48a25eba1a92f4d2ad7f3903c95d8c33a11611a7717d2ab654",
                "sha256:4548236844327a718ce3bb182ab32a16fa2050c61e334e959f554cac052fb0df",
                "sha256:5090857876c58885cfa388dc649e5db30aae98a068c26f3fd0ac9d7d9a4d9572",
                "sha256:5bbba34f97a26a93f5e8dec469ca4ddd712451418add43da946dbaed7f7a98d2",
                "sha256:65a28969a025a0eb4594637b6103201dc4ed2a9508bdab56ac33e43e3081c404",
                "sha256:892bb52b70bd5ea9dbbc3ac44f38e84f5a04e9d8b1bff48159d96cb795b81159",
                "sha256:8a9becd5cbd5062f973bcd2e7bc79483af310222de112b6541f8af1f93a3cc42",
                "sha256:972a7aaeb7c4a2795b52eef52ee991ef040b31009f36deca6207a986607b55f3",
                "sha256:97b119c436bfa96a92ac2ca525f7025836d4d4e64b1c9f9eff8dbaf3ff1d86f3",
                "sha256:9ba37698e242223f8053cc158f130aee046a96feacbeab65893dbe94f5530118",
                "sha256:b1b0e1f626a0f079c0d3696db70132fb1f29aa87c66aecb6501a9b8be64ce9f7",
                "sha256:c14c1224fd1a5be2733530d648a316974dbbb3c946913562c6005a76f21ca042",
                "sha256:c79a8546c48ae6465189e54e3245a97ddf21161e33ff7eaa42787353417bb2b6",
                "sha256:ceb76935ac4ebdf6d7bc845482a4450b284c6ccfb281e34da51d510658ab34d8",
                "sha256:e22bffaad04b4d16e1c091baed7f2733fc1ebb91e0c602abf1b6834d17158b1f",
                "sha256:ec883b8e44d877bda6f94a36313a1c6063f8b1997aa091628ae2f34c7f97c8d5",
                "sha256:f1baa54d50ec031d1a9beb89974108f8f2c0706f49798f4777df879df0e1adb6",
                "sha256:f53a5385932cda1e2c862d89460992911a89768c65d176ff8c50cddca4d29bed"
            ],
            "version": "==6.2.0"
        },
        "pyparsing": {
            "hashes": [
                "sha256:0832bcf47acd283788593e7a0f542407bd9550a55a8a8435214a1960e04bcb04",
                "sha256:fee43f17a9c4087e7ed1605bd6df994c6173c1e977d7ade7b651292fab2bd010"
            ],
            "version": "==2.2.0"
        },
        "python-dateutil": {
            "hashes": [
                "sha256:7e6584c74aeed623791615e26efd690f29817a27c73085b78e4bad02493df2fb",
                "sha256:c89805f6f4d64db21ed966fda138f8a5ed7a4fdbc1a8ee329ce1b74e3c74da9e"
            ],
            "version": "==2.8.0"
        },
        "python-dotenv": {
            "hashes": [
                "sha256:45e927c34204c90f5faa35ea8709b894f6b1a7712d77eb50940601068040993b",
                "sha256:dc7940052cfe170e881aea40feb4ea7776e6a97170ed038fd2ee7e26e47585f2"
            ],
            "version": "==0.7.1"
        },
        "pytz": {
            "hashes": [
                "sha256:1c557d7d0e871de1f5ccd5833f60fb2550652da6be2693c1e02300743d21500d",
                "sha256:b02c06db6cf09c12dd25137e563b31700d3b80fcc4ad23abb7a315f2789819be"
            ],
            "version": "==2019.3"
        },
        "scikit-learn": {
            "hashes": [
                "sha256:01c0b1e8572748dc3200f322ba6a1b1b5f246f51abeebdbcb070e6c69fbf5582",
                "sha256:05f1f98fb594cfdb1bb9d18bdf605078fbb646a9b307728e0e016e80493f7f48",
                "sha256:06da7592ecee71d92495e975d4e4b03ca8848834bd170ba4663c19d7026ad763",
                "sha256:0e475c00c571b5c6c25fee7192865de60a2adbe11e6e045dfca74bf5faa95b57",
                "sha256:2025da5a62f024a377f4f691d5482f2c9a02446d105f6e04f7e8d7c887ef5f2f",
                "sha256:28d240d8b57d72ad49ef65eea62237bba26b16209b121b23e8a8c6170ef89aff",
                "sha256:31789ed71ddb4facf7b47d6396da7d5485f434ff499ad09e061d67c6b292ff4b",
                "sha256:34db52e3b567727ab6a3a44fb9896d4dfbbcb2077277e288eb3f161bcd134a44",
                "sha256:37e86626a43791f8433dbd81b21928bd1c2402b226dd86462a562dd97d86100b",
                "sha256:4179810495a38bfe32fe8b13fe3b5495a8df537b1494cd34bfed31222ab73542",
                "sha256:5cbd838cb35a469e634d4d1014db35f06cc4cf1c85022a1b778ecedf0fa37263",
                "sha256:61475fda4f351fb5e1b1a5c78904a0a6c43b11031df66c9bee6969e056d71d91",
                "sha256:687d9029c56ca6f7eb6ac8449f098d0964c2d698dcd80bfa9bf0715cb68264c3",
                "sha256:6b1cf381d3747df84dcf8414dd80a66c975365aa8b0bae6062346bd38d931047",
                "sha256:6f8eba1b25fa0290f1925d2cf60aeac9dd18c6031dce7494069c8fec3c5f6d3e",
                "sha256:6fb1cee93a13564cf2675d03ed0fc92324758c60267d8ac2aacfcb5e1a097b53",
                "sha256:85cb700dc20321b82031159409d02dc7bd9bd84959f61a2466f85921376cccbf",
                "sha256:937369f471c58dd89290436e4efcdec028c3b0931b414fa04f84488e715afdc7",
                "sha256:9c1194d25cd8a68fabde6fe5fb0ce0d9ade78a1785d01731a0dc75e0ad66302c",
                "sha256:b8c1dbf7c91b4a75096daa4f383219bcc7d74689407ba31bef3ac45e991bfa77",
                "sha256:be9400f27a2cf9d10a249217289b6dfc17156800f5b76a7f94b9251ade258d00",
                "sha256:c8e12e06d8fb00d51aa901b8c5eb7d56bc5b2e1d44c5767a1d737e03c1a74ebb",
                "sha256:cb133084b8530de49bad852bd11e7f613e220fee50ccb6e62add675d1acab433",
                "sha256:f78c3e11bf38838eaf637cdd9e8d6b575a4a4048d1670a03a72b0d00d3f39ffa"
            ],
            "version": "==0.18.2"
        },
        "scipy": {
            "hashes": [
                "sha256:023ee29faa76c184a607e21076f097dc32f3abba7c71ece374588f95920aa993",
                "sha256:1e8fedf602859b541ebae78667ccfc53158edef58d9ee19ee659309004565952",
                "sha256:2a26d06a642e3c9107ca06df125f5dc5507abe2b87fd7865415d03ab654b0b43",
                "sha256:2a3b6ceadbb58d8b8d4a329f8219f9e6f17757ec6c85baf03987bbd2b728c263",
                "sha256:2c9e87d556b83a8e11de7a064856c3997bbaff7f9cf62bf63ff0623751549e4c",
                "sha256:2dc9bcfaa585d9d941fb1add0d160556fe8587c3800264a77643695565a2d279",
                "sha256:4118647273c907ed984da52b71fa2bbb30229f1820fb79b1ed087c8bc9a20cca",
                "sha256:4c26ef44e8bb2cd2aef11c60d163caa04670d6f42996789b209526677310ded2",
                "sha256:4de84e3870228e8afd55a6e63e762aa7c9d1e3bd9a9ef5ab716835a69c77d257",
                "sha256:78713101b32af384c564837fd7ae665a2a72cb6d49edbd8f32148d74724a65a8",
                "sha256:909be30bdd1d8cd57609760ea72a1499543169ed6ea5c66fad50946582682cf8",
                "sha256:93825cc80c638d901099f657dfff852ad2421beb51cb7d1d3f91157741ebe287",
                "sha256:a19a2ca7a7336495ec180adeaa0dfdcf41e96dbbee90d51c3ed828ba570884e6",
                "sha256:b3e97be2cd9f052d984fc5ba2d441897971b744c64d658617944c47bc366f8ff",
                "sha256:b87a923ed390ba0aafcbbcc6f0e023d495f19d2bd22ae59bdef3b0aec6485b39"
            ],
            "version": "==0.19.1"
        },
        "six": {
            "hashes": [
                "sha256:70e8a77beed4562e7f14fe23a786b54f6296e34344c23bc42f07b15018ff98e9",
                "sha256:832dc0e10feb1aa2c68dcc57dbb658f1c7e65b9b61af69048abc87a2db00a0eb"
            ],
            "version": "==1.11.0"
        },
        "wordcloud": {
            "hashes": [
                "sha256:a5b974e29f7677b66047de2fb214dbed8763c5f5e7b72041ecf2b4040722dce0"
            ],
            "version": "==1.3.1"
        }
    }
}
